// !$*UTF8*$!
{
	archiveVersion = 1;
	classes = {
	};
	objectVersion = 77;
	objects = {

/* Begin PBXContainerItemProxy section */
		08F7B3B92D73052000ADB08B /* PBXContainerItemProxy */ = {
			isa = PBXContainerItemProxy;
			containerPortal = 08F7B3A02D73051C00ADB08B /* Project object */;
			proxyType = 1;
			remoteGlobalIDString = 08F7B3A72D73051C00ADB08B;
			remoteInfo = MusicNFC;
		};
		08F7B3C32D73052000ADB08B /* PBXContainerItemProxy */ = {
			isa = PBXContainerItemProxy;
			containerPortal = 08F7B3A02D73051C00ADB08B /* Project object */;
			proxyType = 1;
			remoteGlobalIDString = 08F7B3A72D73051C00ADB08B;
			remoteInfo = MusicNFC;
		};
/* End PBXContainerItemProxy section */

/* Begin PBXFileReference section */
		08F7B3A82D73051C00ADB08B /* MusicNFC.app */ = {isa = PBXFileReference; explicitFileType = wrapper.application; includeInIndex = 0; path = MusicNFC.app; sourceTree = BUILT_PRODUCTS_DIR; };
		08F7B3B82D73052000ADB08B /* MusicNFCTests.xctest */ = {isa = PBXFileReference; explicitFileType = wrapper.cfbundle; includeInIndex = 0; path = MusicNFCTests.xctest; sourceTree = BUILT_PRODUCTS_DIR; };
		08F7B3C22D73052000ADB08B /* MusicNFCUITests.xctest */ = {isa = PBXFileReference; explicitFileType = wrapper.cfbundle; includeInIndex = 0; path = MusicNFCUITests.xctest; sourceTree = BUILT_PRODUCTS_DIR; };
/* End PBXFileReference section */

/* Begin PBXFileSystemSynchronizedBuildFileExceptionSet section */
		08F7B3D72D73099700ADB08B /* Exceptions for "MusicNFC" folder in "MusicNFC" target */ = {
			isa = PBXFileSystemSynchronizedBuildFileExceptionSet;
			membershipExceptions = (
				Info.plist,
			);
			target = 08F7B3A72D73051C00ADB08B /* MusicNFC */;
		};
/* End PBXFileSystemSynchronizedBuildFileExceptionSet section */

/* Begin PBXFileSystemSynchronizedRootGroup section */
		08F7B3AA2D73051C00ADB08B /* MusicNFC */ = {
			isa = PBXFileSystemSynchronizedRootGroup;
			exceptions = (
				08F7B3D72D73099700ADB08B /* Exceptions for "MusicNFC" folder in "MusicNFC" target */,
			);
			path = MusicNFC;
			sourceTree = "<group>";
		};
		08F7B3BB2D73052000ADB08B /* MusicNFCTests */ = {
			isa = PBXFileSystemSynchronizedRootGroup;
			path = MusicNFCTests;
			sourceTree = "<group>";
		};
		08F7B3C52D73052000ADB08B /* MusicNFCUITests */ = {
			isa = PBXFileSystemSynchronizedRootGroup;
			path = MusicNFCUITests;
			sourceTree = "<group>";
		};
/* End PBXFileSystemSynchronizedRootGroup section */

/* Begin PBXFrameworksBuildPhase section */
		08F7B3A52D73051C00ADB08B /* Frameworks */ = {
			isa = PBXFrameworksBuildPhase;
			buildActionMask = 2147483647;
			files = (
			);
			runOnlyForDeploymentPostprocessing = 0;
		};
		08F7B3B52D73052000ADB08B /* Frameworks */ = {
			isa = PBXFrameworksBuildPhase;
			buildActionMask = 2147483647;
			files = (
			);
			runOnlyForDeploymentPostprocessing = 0;
		};
		08F7B3BF2D73052000ADB08B /* Frameworks */ = {
			isa = PBXFrameworksBuildPhase;
			buildActionMask = 2147483647;
			files = (
			);
			runOnlyForDeploymentPostprocessing = 0;
		};
/* End PBXFrameworksBuildPhase section */

/* Begin PBXGroup section */
		08F7B39F2D73051C00ADB08B = {
			isa = PBXGroup;
			children = (
				08F7B3AA2D73051C00ADB08B /* MusicNFC */,
				08F7B3BB2D73052000ADB08B /* MusicNFCTests */,
				08F7B3C52D73052000ADB08B /* MusicNFCUITests */,
				08F7B3A92D73051C00ADB08B /* Products */,
			);
			sourceTree = "<group>";
		};
		08F7B3A92D73051C00ADB08B /* Products */ = {
			isa = PBXGroup;
			children = (
				08F7B3A82D73051C00ADB08B /* MusicNFC.app */,
				08F7B3B82D73052000ADB08B /* MusicNFCTests.xctest */,
				08F7B3C22D73052000ADB08B /* MusicNFCUITests.xctest */,
			);
			name = Products;
			sourceTree = "<group>";
		};
/* End PBXGroup section */

/* Begin PBXNativeTarget section */
		08F7B3A72D73051C00ADB08B /* MusicNFC */ = {
			isa = PBXNativeTarget;
			buildConfigurationList = 08F7B3CC2D73052000ADB08B /* Build configuration list for PBXNativeTarget "MusicNFC" */;
			buildPhases = (
				08F7B3A42D73051C00ADB08B /* Sources */,
				08F7B3A52D73051C00ADB08B /* Frameworks */,
				08F7B3A62D73051C00ADB08B /* Resources */,
			);
			buildRules = (
			);
			dependencies = (
			);
			fileSystemSynchronizedGroups = (
				08F7B3AA2D73051C00ADB08B /* MusicNFC */,
			);
			name = MusicNFC;
			packageProductDependencies = (
			);
			productName = MusicNFC;
			productReference = 08F7B3A82D73051C00ADB08B /* MusicNFC.app */;
			productType = "com.apple.product-type.application";
		};
		08F7B3B72D73052000ADB08B /* MusicNFCTests */ = {
			isa = PBXNativeTarget;
			buildConfigurationList = 08F7B3CF2D73052000ADB08B /* Build configuration list for PBXNativeTarget "MusicNFCTests" */;
			buildPhases = (
				08F7B3B42D73052000ADB08B /* Sources */,
				08F7B3B52D73052000ADB08B /* Frameworks */,
				08F7B3B62D73052000ADB08B /* Resources */,
			);
			buildRules = (
			);
			dependencies = (
				08F7B3BA2D73052000ADB08B /* PBXTargetDependency */,
			);
			fileSystemSynchronizedGroups = (
				08F7B3BB2D73052000ADB08B /* MusicNFCTests */,
			);
			name = MusicNFCTests;
			packageProductDependencies = (
			);
			productName = MusicNFCTests;
			productReference = 08F7B3B82D73052000ADB08B /* MusicNFCTests.xctest */;
			productType = "com.apple.product-type.bundle.unit-test";
		};
		08F7B3C12D73052000ADB08B /* MusicNFCUITests */ = {
			isa = PBXNativeTarget;
			buildConfigurationList = 08F7B3D22D73052000ADB08B /* Build configuration list for PBXNativeTarget "MusicNFCUITests" */;
			buildPhases = (
				08F7B3BE2D73052000ADB08B /* Sources */,
				08F7B3BF2D73052000ADB08B /* Frameworks */,
				08F7B3C02D73052000ADB08B /* Resources */,
			);
			buildRules = (
			);
			dependencies = (
				08F7B3C42D73052000ADB08B /* PBXTargetDependency */,
			);
			fileSystemSynchronizedGroups = (
				08F7B3C52D73052000ADB08B /* MusicNFCUITests */,
			);
			name = MusicNFCUITests;
			packageProductDependencies = (
			);
			productName = MusicNFCUITests;
			productReference = 08F7B3C22D73052000ADB08B /* MusicNFCUITests.xctest */;
			productType = "com.apple.product-type.bundle.ui-testing";
		};
/* End PBXNativeTarget section */

/* Begin PBXProject section */
		08F7B3A02D73051C00ADB08B /* Project object */ = {
			isa = PBXProject;
			attributes = {
				BuildIndependentTargetsInParallel = 1;
				LastSwiftUpdateCheck = 1600;
				LastUpgradeCheck = 1600;
				TargetAttributes = {
					08F7B3A72D73051C00ADB08B = {
						CreatedOnToolsVersion = 16.0;
					};
					08F7B3B72D73052000ADB08B = {
						CreatedOnToolsVersion = 16.0;
						TestTargetID = 08F7B3A72D73051C00ADB08B;
					};
					08F7B3C12D73052000ADB08B = {
						CreatedOnToolsVersion = 16.0;
						TestTargetID = 08F7B3A72D73051C00ADB08B;
					};
				};
			};
			buildConfigurationList = 08F7B3A32D73051C00ADB08B /* Build configuration list for PBXProject "MusicNFC" */;
			developmentRegion = en;
			hasScannedForEncodings = 0;
			knownRegions = (
				en,
				Base,
			);
			mainGroup = 08F7B39F2D73051C00ADB08B;
			minimizedProjectReferenceProxies = 1;
			preferredProjectObjectVersion = 77;
			productRefGroup = 08F7B3A92D73051C00ADB08B /* Products */;
			projectDirPath = "";
			projectRoot = "";
			targets = (
				08F7B3A72D73051C00ADB08B /* MusicNFC */,
				08F7B3B72D73052000ADB08B /* MusicNFCTests */,
				08F7B3C12D73052000ADB08B /* MusicNFCUITests */,
			);
		};
/* End PBXProject section */

/* Begin PBXResourcesBuildPhase section */
		08F7B3A62D73051C00ADB08B /* Resources */ = {
			isa = PBXResourcesBuildPhase;
			buildActionMask = 2147483647;
			files = (
			);
			runOnlyForDeploymentPostprocessing = 0;
		};
		08F7B3B62D73052000ADB08B /* Resources */ = {
			isa = PBXResourcesBuildPhase;
			buildActionMask = 2147483647;
			files = (
			);
			runOnlyForDeploymentPostprocessing = 0;
		};
		08F7B3C02D73052000ADB08B /* Resources */ = {
			isa = PBXResourcesBuildPhase;
			buildActionMask = 2147483647;
			files = (
			);
			runOnlyForDeploymentPostprocessing = 0;
		};
/* End PBXResourcesBuildPhase section */

/* Begin PBXSourcesBuildPhase section */
		08F7B3A42D73051C00ADB08B /* Sources */ = {
			isa = PBXSourcesBuildPhase;
			buildActionMask = 2147483647;
			files = (
			);
			runOnlyForDeploymentPostprocessing = 0;
		};
		08F7B3B42D73052000ADB08B /* Sources */ = {
			isa = PBXSourcesBuildPhase;
			buildActionMask = 2147483647;
			files = (
			);
			runOnlyForDeploymentPostprocessing = 0;
		};
		08F7B3BE2D73052000ADB08B /* Sources */ = {
			isa = PBXSourcesBuildPhase;
			buildActionMask = 2147483647;
			files = (
			);
			runOnlyForDeploymentPostprocessing = 0;
		};
/* End PBXSourcesBuildPhase section */

/* Begin PBXTargetDependency section */
		08F7B3BA2D73052000ADB08B /* PBXTargetDependency */ = {
			isa = PBXTargetDependency;
			target = 08F7B3A72D73051C00ADB08B /* MusicNFC */;
			targetProxy = 08F7B3B92D73052000ADB08B /* PBXContainerItemProxy */;
		};
		08F7B3C42D73052000ADB08B /* PBXTargetDependency */ = {
			isa = PBXTargetDependency;
			target = 08F7B3A72D73051C00ADB08B /* MusicNFC */;
			targetProxy = 08F7B3C32D73052000ADB08B /* PBXContainerItemProxy */;
		};
/* End PBXTargetDependency section */

/* Begin XCBuildConfiguration section */
		08F7B3CA2D73052000ADB08B /* Debug */ = {
			isa = XCBuildConfiguration;
			buildSettings = {
				ALWAYS_SEARCH_USER_PATHS = NO;
				ASSETCATALOG_COMPILER_GENERATE_SWIFT_ASSET_SYMBOL_EXTENSIONS = YES;
				CLANG_ANALYZER_NONNULL = YES;
				CLANG_ANALYZER_NUMBER_OBJECT_CONVERSION = YES_AGGRESSIVE;
				CLANG_CXX_LANGUAGE_STANDARD = "gnu++20";
				CLANG_ENABLE_MODULES = YES;
				CLANG_ENABLE_OBJC_ARC = YES;
				CLANG_ENABLE_OBJC_WEAK = YES;
				CLANG_WARN_BLOCK_CAPTURE_AUTORELEASING = YES;
				CLANG_WARN_BOOL_CONVERSION = YES;
				CLANG_WARN_COMMA = YES;
				CLANG_WARN_CONSTANT_CONVERSION = YES;
				CLANG_WARN_DEPRECATED_OBJC_IMPLEMENTATIONS = YES;
				CLANG_WARN_DIRECT_OBJC_ISA_USAGE = YES_ERROR;
				CLANG_WARN_DOCUMENTATION_COMMENTS = YES;
				CLANG_WARN_EMPTY_BODY = YES;
				CLANG_WARN_ENUM_CONVERSION = YES;
				CLANG_WARN_INFINITE_RECURSION = YES;
				CLANG_WARN_INT_CONVERSION = YES;
				CLANG_WARN_NON_LITERAL_NULL_CONVERSION = YES;
				CLANG_WARN_OBJC_IMPLICIT_RETAIN_SELF = YES;
				CLANG_WARN_OBJC_LITERAL_CONVERSION = YES;
				CLANG_WARN_OBJC_ROOT_CLASS = YES_ERROR;
				CLANG_WARN_QUOTED_INCLUDE_IN_FRAMEWORK_HEADER = YES;
				CLANG_WARN_RANGE_LOOP_ANALYSIS = YES;
				CLANG_WARN_STRICT_PROTOTYPES = YES;
				CLANG_WARN_SUSPICIOUS_MOVE = YES;
				CLANG_WARN_UNGUARDED_AVAILABILITY = YES_AGGRESSIVE;
				CLANG_WARN_UNREACHABLE_CODE = YES;
				CLANG_WARN__DUPLICATE_METHOD_MATCH = YES;
				COPY_PHASE_STRIP = NO;
				DEBUG_INFORMATION_FORMAT = dwarf;
				ENABLE_STRICT_OBJC_MSGSEND = YES;
				ENABLE_TESTABILITY = YES;
				ENABLE_USER_SCRIPT_SANDBOXING = YES;
				GCC_C_LANGUAGE_STANDARD = gnu17;
				GCC_DYNAMIC_NO_PIC = NO;
				GCC_NO_COMMON_BLOCKS = YES;
				GCC_OPTIMIZATION_LEVEL = 0;
				GCC_PREPROCESSOR_DEFINITIONS = (
					"DEBUG=1",
					"$(inherited)",
				);
				GCC_WARN_64_TO_32_BIT_CONVERSION = YES;
				GCC_WARN_ABOUT_RETURN_TYPE = YES_ERROR;
				GCC_WARN_UNDECLARED_SELECTOR = YES;
				GCC_WARN_UNINITIALIZED_AUTOS = YES_AGGRESSIVE;
				GCC_WARN_UNUSED_FUNCTION = YES;
				GCC_WARN_UNUSED_VARIABLE = YES;
				IPHONEOS_DEPLOYMENT_TARGET = 18.0;
				LOCALIZATION_PREFERS_STRING_CATALOGS = YES;
				MTL_ENABLE_DEBUG_INFO = INCLUDE_SOURCE;
				MTL_FAST_MATH = YES;
				ONLY_ACTIVE_ARCH = YES;
				SDKROOT = iphoneos;
				SWIFT_ACTIVE_COMPILATION_CONDITIONS = "DEBUG $(inherited)";
				SWIFT_OPTIMIZATION_LEVEL = "-Onone";
			};
			name = Debug;
		};
		08F7B3CB2D73052000ADB08B /* Release */ = {
			isa = XCBuildConfiguration;
			buildSettings = {
				ALWAYS_SEARCH_USER_PATHS = NO;
				ASSETCATALOG_COMPILER_GENERATE_SWIFT_ASSET_SYMBOL_EXTENSIONS = YES;
				CLANG_ANALYZER_NONNULL = YES;
				CLANG_ANALYZER_NUMBER_OBJECT_CONVERSION = YES_AGGRESSIVE;
				CLANG_CXX_LANGUAGE_STANDARD = "gnu++20";
				CLANG_ENABLE_MODULES = YES;
				CLANG_ENABLE_OBJC_ARC = YES;
				CLANG_ENABLE_OBJC_WEAK = YES;
				CLANG_WARN_BLOCK_CAPTURE_AUTORELEASING = YES;
				CLANG_WARN_BOOL_CONVERSION = YES;
				CLANG_WARN_COMMA = YES;
				CLANG_WARN_CONSTANT_CONVERSION = YES;
				CLANG_WARN_DEPRECATED_OBJC_IMPLEMENTATIONS = YES;
				CLANG_WARN_DIRECT_OBJC_ISA_USAGE = YES_ERROR;
				CLANG_WARN_DOCUMENTATION_COMMENTS = YES;
				CLANG_WARN_EMPTY_BODY = YES;
				CLANG_WARN_ENUM_CONVERSION = YES;
				CLANG_WARN_INFINITE_RECURSION = YES;
				CLANG_WARN_INT_CONVERSION = YES;
				CLANG_WARN_NON_LITERAL_NULL_CONVERSION = YES;
				CLANG_WARN_OBJC_IMPLICIT_RETAIN_SELF = YES;
				CLANG_WARN_OBJC_LITERAL_CONVERSION = YES;
				CLANG_WARN_OBJC_ROOT_CLASS = YES_ERROR;
				CLANG_WARN_QUOTED_INCLUDE_IN_FRAMEWORK_HEADER = YES;
				CLANG_WARN_RANGE_LOOP_ANALYSIS = YES;
				CLANG_WARN_STRICT_PROTOTYPES = YES;
				CLANG_WARN_SUSPICIOUS_MOVE = YES;
				CLANG_WARN_UNGUARDED_AVAILABILITY = YES_AGGRESSIVE;
				CLANG_WARN_UNREACHABLE_CODE = YES;
				CLANG_WARN__DUPLICATE_METHOD_MATCH = YES;
				COPY_PHASE_STRIP = NO;
				DEBUG_INFORMATION_FORMAT = "dwarf-with-dsym";
				ENABLE_NS_ASSERTIONS = NO;
				ENABLE_STRICT_OBJC_MSGSEND = YES;
				ENABLE_USER_SCRIPT_SANDBOXING = YES;
				GCC_C_LANGUAGE_STANDARD = gnu17;
				GCC_NO_COMMON_BLOCKS = YES;
				GCC_WARN_64_TO_32_BIT_CONVERSION = YES;
				GCC_WARN_ABOUT_RETURN_TYPE = YES_ERROR;
				GCC_WARN_UNDECLARED_SELECTOR = YES;
				GCC_WARN_UNINITIALIZED_AUTOS = YES_AGGRESSIVE;
				GCC_WARN_UNUSED_FUNCTION = YES;
				GCC_WARN_UNUSED_VARIABLE = YES;
				IPHONEOS_DEPLOYMENT_TARGET = 18.0;
				LOCALIZATION_PREFERS_STRING_CATALOGS = YES;
				MTL_ENABLE_DEBUG_INFO = NO;
				MTL_FAST_MATH = YES;
				SDKROOT = iphoneos;
				SWIFT_COMPILATION_MODE = wholemodule;
				VALIDATE_PRODUCT = YES;
			};
			name = Release;
		};
		08F7B3CD2D73052000ADB08B /* Debug */ = {
			isa = XCBuildConfiguration;
			buildSettings = {
				ASSETCATALOG_COMPILER_APPICON_NAME = AppIcon;
				ASSETCATALOG_COMPILER_GLOBAL_ACCENT_COLOR_NAME = AccentColor;
				CODE_SIGN_ENTITLEMENTS = MusicNFC/MusicNFC.entitlements;
				CODE_SIGN_IDENTITY = "Apple Development";
				CODE_SIGN_STYLE = Automatic;
				CURRENT_PROJECT_VERSION = 1;
				DEVELOPMENT_ASSET_PATHS = "\"MusicNFC/Preview Content\"";
				DEVELOPMENT_TEAM = 5285K4Z956;
				ENABLE_PREVIEWS = YES;
				GENERATE_INFOPLIST_FILE = YES;
				INFOPLIST_FILE = MusicNFC/Info.plist;
				INFOPLIST_KEY_NFCReaderUsageDescription = "スキャンに利用します。";
				INFOPLIST_KEY_UIApplicationSceneManifest_Generation = YES;
				INFOPLIST_KEY_UIApplicationSupportsIndirectInputEvents = YES;
				INFOPLIST_KEY_UILaunchScreen_Generation = YES;
				INFOPLIST_KEY_UISupportedInterfaceOrientations_iPad = "UIInterfaceOrientationPortrait UIInterfaceOrientationPortraitUpsideDown UIInterfaceOrientationLandscapeLeft UIInterfaceOrientationLandscapeRight";
				INFOPLIST_KEY_UISupportedInterfaceOrientations_iPhone = "UIInterfaceOrientationPortrait UIInterfaceOrientationLandscapeLeft UIInterfaceOrientationLandscapeRight";
				LD_RUNPATH_SEARCH_PATHS = (
					"$(inherited)",
					"@executable_path/Frameworks",
				);
				MARKETING_VERSION = 1.0;
				PRODUCT_BUNDLE_IDENTIFIER = "com.example.sample-sample.landmark.MusicNFC";
				PRODUCT_NAME = "$(TARGET_NAME)";
				PROVISIONING_PROFILE_SPECIFIER = "";
				SWIFT_EMIT_LOC_STRINGS = YES;
				SWIFT_VERSION = 5.0;
				TARGETED_DEVICE_FAMILY = "1,2";
			};
			name = Debug;
		};
		08F7B3CE2D73052000ADB08B /* Release */ = {
			isa = XCBuildConfiguration;
			buildSettings = {
				ASSETCATALOG_COMPILER_APPICON_NAME = AppIcon;
				ASSETCATALOG_COMPILER_GLOBAL_ACCENT_COLOR_NAME = AccentColor;
				CODE_SIGN_ENTITLEMENTS = MusicNFC/MusicNFC.entitlements;
				CODE_SIGN_IDENTITY = "Apple Development";
				CODE_SIGN_STYLE = Automatic;
				CURRENT_PROJECT_VERSION = 1;
				DEVELOPMENT_ASSET_PATHS = "\"MusicNFC/Preview Content\"";
				DEVELOPMENT_TEAM = 5285K4Z956;
				ENABLE_PREVIEWS = YES;
				GENERATE_INFOPLIST_FILE = YES;
				INFOPLIST_FILE = MusicNFC/Info.plist;
				INFOPLIST_KEY_NFCReaderUsageDescription = "スキャンに利用します。";
				INFOPLIST_KEY_UIApplicationSceneManifest_Generation = YES;
				INFOPLIST_KEY_UIApplicationSupportsIndirectInputEvents = YES;
				INFOPLIST_KEY_UILaunchScreen_Generation = YES;
				INFOPLIST_KEY_UISupportedInterfaceOrientations_iPad = "UIInterfaceOrientationPortrait UIInterfaceOrientationPortraitUpsideDown UIInterfaceOrientationLandscapeLeft UIInterfaceOrientationLandscapeRight";
				INFOPLIST_KEY_UISupportedInterfaceOrientations_iPhone = "UIInterfaceOrientationPortrait UIInterfaceOrientationLandscapeLeft UIInterfaceOrientationLandscapeRight";
				LD_RUNPATH_SEARCH_PATHS = (
					"$(inherited)",
					"@executable_path/Frameworks",
				);
				MARKETING_VERSION = 1.0;
				PRODUCT_BUNDLE_IDENTIFIER = "com.example.sample-sample.landmark.MusicNFC";
				PRODUCT_NAME = "$(TARGET_NAME)";
				PROVISIONING_PROFILE_SPECIFIER = "";
				SWIFT_EMIT_LOC_STRINGS = YES;
				SWIFT_VERSION = 5.0;
				TARGETED_DEVICE_FAMILY = "1,2";
			};
			name = Release;
		};
		08F7B3D02D73052000ADB08B /* Debug */ = {
			isa = XCBuildConfiguration;
			buildSettings = {
				BUNDLE_LOADER = "$(TEST_HOST)";
				CODE_SIGN_STYLE = Automatic;
				CURRENT_PROJECT_VERSION = 1;
				DEVELOPMENT_TEAM = 5285K4Z956;
				GENERATE_INFOPLIST_FILE = YES;
				IPHONEOS_DEPLOYMENT_TARGET = 18.0;
				MARKETING_VERSION = 1.0;
				PRODUCT_BUNDLE_IDENTIFIER = "com.example.sample-sample.landmark.MusicNFCTests";
				PRODUCT_NAME = "$(TARGET_NAME)";
				SWIFT_EMIT_LOC_STRINGS = NO;
				SWIFT_VERSION = 5.0;
				TARGETED_DEVICE_FAMILY = "1,2";
				TEST_HOST = "$(BUILT_PRODUCTS_DIR)/MusicNFC.app/$(BUNDLE_EXECUTABLE_FOLDER_PATH)/MusicNFC";
			};
			name = Debug;
		};
		08F7B3D12D73052000ADB08B /* Release */ = {
			isa = XCBuildConfiguration;
			buildSettings = {
				BUNDLE_LOADER = "$(TEST_HOST)";
				CODE_SIGN_STYLE = Automatic;
				CURRENT_PROJECT_VERSION = 1;
				DEVELOPMENT_TEAM = 5285K4Z956;
				GENERATE_INFOPLIST_FILE = YES;
				IPHONEOS_DEPLOYMENT_TARGET = 18.0;
				MARKETING_VERSION = 1.0;
				PRODUCT_BUNDLE_IDENTIFIER = "com.example.sample-sample.landmark.MusicNFCTests";
				PRODUCT_NAME = "$(TARGET_NAME)";
				SWIFT_EMIT_LOC_STRINGS = NO;
				SWIFT_VERSION = 5.0;
				TARGETED_DEVICE_FAMILY = "1,2";
				TEST_HOST = "$(BUILT_PRODUCTS_DIR)/MusicNFC.app/$(BUNDLE_EXECUTABLE_FOLDER_PATH)/MusicNFC";
			};
			name = Release;
		};
		08F7B3D32D73052000ADB08B /* Debug */ = {
			isa = XCBuildConfiguration;
			buildSettings = {
				CODE_SIGN_STYLE = Automatic;
				CURRENT_PROJECT_VERSION = 1;
				DEVELOPMENT_TEAM = 5285K4Z956;
				GENERATE_INFOPLIST_FILE = YES;
				MARKETING_VERSION = 1.0;
				PRODUCT_BUNDLE_IDENTIFIER = "com.example.sample-sample.landmark.MusicNFCUITests";
				PRODUCT_NAME = "$(TARGET_NAME)";
				SWIFT_EMIT_LOC_STRINGS = NO;
				SWIFT_VERSION = 5.0;
				TARGETED_DEVICE_FAMILY = "1,2";
				TEST_TARGET_NAME = MusicNFC;
			};
			name = Debug;
		};
		08F7B3D42D73052000ADB08B /* Release */ = {
			isa = XCBuildConfiguration;
			buildSettings = {
				CODE_SIGN_STYLE = Automatic;
				CURRENT_PROJECT_VERSION = 1;
				DEVELOPMENT_TEAM = 5285K4Z956;
				GENERATE_INFOPLIST_FILE = YES;
				MARKETING_VERSION = 1.0;
				PRODUCT_BUNDLE_IDENTIFIER = "com.example.sample-sample.landmark.MusicNFCUITests";
				PRODUCT_NAME = "$(TARGET_NAME)";
				SWIFT_EMIT_LOC_STRINGS = NO;
				SWIFT_VERSION = 5.0;
				TARGETED_DEVICE_FAMILY = "1,2";
				TEST_TARGET_NAME = MusicNFC;
			};
			name = Release;
		};
/* End XCBuildConfiguration section */

/* Begin XCConfigurationList section */
		08F7B3A32D73051C00ADB08B /* Build configuration list for PBXProject "MusicNFC" */ = {
			isa = XCConfigurationList;
			buildConfigurations = (
				08F7B3CA2D73052000ADB08B /* Debug */,
				08F7B3CB2D73052000ADB08B /* Release */,
			);
			defaultConfigurationIsVisible = 0;
			defaultConfigurationName = Release;
		};
		08F7B3CC2D73052000ADB08B /* Build configuration list for PBXNativeTarget "MusicNFC" */ = {
			isa = XCConfigurationList;
			buildConfigurations = (
				08F7B3CD2D73052000ADB08B /* Debug */,
				08F7B3CE2D73052000ADB08B /* Release */,
			);
			defaultConfigurationIsVisible = 0;
			defaultConfigurationName = Release;
		};
		08F7B3CF2D73052000ADB08B /* Build configuration list for PBXNativeTarget "MusicNFCTests" */ = {
			isa = XCConfigurationList;
			buildConfigurations = (
				08F7B3D02D73052000ADB08B /* Debug */,
				08F7B3D12D73052000ADB08B /* Release */,
			);
			defaultConfigurationIsVisible = 0;
			defaultConfigurationName = Release;
		};
		08F7B3D22D73052000ADB08B /* Build configuration list for PBXNativeTarget "MusicNFCUITests" */ = {
			isa = XCConfigurationList;
			buildConfigurations = (
				08F7B3D32D73052000ADB08B /* Debug */,
				08F7B3D42D73052000ADB08B /* Release */,
			);
			defaultConfigurationIsVisible = 0;
			defaultConfigurationName = Release;
		};
/* End XCConfigurationList section */
	};
	rootObject = 08F7B3A02D73051C00ADB08B /* Project object */;
}
